# THIS IS AN AUTOGENERATED FILE. DO NOT EDIT THIS FILE DIRECTLY.
# yarn lockfile v1


react-verification-code-input-2@^1.2.11:
  version "1.2.11"
  resolved "https://registry.yarnpkg.com/react-verification-code-input-2/-/react-verification-code-input-2-1.2.11.tgz#cce90bf2d25c6d7e092fc65b815eae6dcfd4822c"
  integrity sha512-s1C2eM8nM57huJkvBaL0OhhcoxZgn9YgbbDhYx9qfxwOPkF45l0/9CHsLKsaii/S+tn68fLB+z9VtxNoLDVEGQ==
